
Microsoft Visual Studio Solution File, Format Version 12.00
# Visual Studio Version 17
VisualStudioVersion = 17.0.31903.59
MinimumVisualStudioVersion = 10.0.40219.1
Project("{9A19103F-16F7-4668-BE54-9A1E7A4F7556}") = "Web", "Web\Web.csproj", "{EDBCFDBE-3A6D-4612-B706-36F0E4372790}"
EndProject
Project("{9A19103F-16F7-4668-BE54-9A1E7A4F7556}") = "Core", "Core\Core.csproj", "{D2F3BF01-C7D9-4077-9855-505E2E4E39E2}"
EndProject
Project("{9A19103F-16F7-4668-BE54-9A1E7A4F7556}") = "Infrastructure.Tests", "Infrastructure.Tests\Infrastructure.Tests.csproj", "{4E7D45FA-FDF5-4DFB-9602-EA4D9731DF86}"
EndProject
Project("{9A19103F-16F7-4668-BE54-9A1E7A4F7556}") = "Infrastructure", "Infrastructure\Infrastructure.csproj", "{DEDF0511-7196-495B-BB9A-7505E428F22B}"
EndProject
Project("{9A19103F-16F7-4668-BE54-9A1E7A4F7556}") = "Web.Tests", "Web.Tests\Web.Tests.csproj", "{CF7A6C52-C7FE-497C-9EC2-0906337FBA77}"
EndProject
Project("{9A19103F-16F7-4668-BE54-9A1E7A4F7556}") = "Web.IntegrationTests", "Web.IntegrationTests\Web.IntegrationTests.csproj", "{243A8CB7-0442-4735-AA7F-C35CB4811B6E}"
EndProject
Project("{9A19103F-16F7-4668-BE54-9A1E7A4F7556}") = "HtmlDownloader", "HtmlDownloader\HtmlDownloader.csproj", "{89ECA22F-4BE7-4987-9A51-C4544C0D27F9}"
EndProject
Project("{9A19103F-16F7-4668-BE54-9A1E7A4F7556}") = "Core.Tests", "Core.Tests\Core.Tests.csproj", "{75F1CCFA-F6FA-42FA-8FCE-79A1BD13FDFB}"
EndProject
Project("{2150E333-8FDC-42A3-9474-1A3956D46DE8}") = "Solution Items", "Solution Items", "{E7EDBE7A-5DEE-4EF8-8AC0-BBFF9DCBBAB4}"
	ProjectSection(SolutionItems) = preProject
		.editorconfig = .editorconfig
	EndProjectSection
EndProject
Global
	GlobalSection(SolutionConfigurationPlatforms) = preSolution
		Debug|Any CPU = Debug|Any CPU
		Release|Any CPU = Release|Any CPU
	EndGlobalSection
	GlobalSection(ProjectConfigurationPlatforms) = postSolution
		{EDBCFDBE-3A6D-4612-B706-36F0E4372790}.Debug|Any CPU.ActiveCfg = Debug|Any CPU
		{EDBCFDBE-3A6D-4612-B706-36F0E4372790}.Debug|Any CPU.Build.0 = Debug|Any CPU
		{EDBCFDBE-3A6D-4612-B706-36F0E4372790}.Release|Any CPU.ActiveCfg = Release|Any CPU
		{EDBCFDBE-3A6D-4612-B706-36F0E4372790}.Release|Any CPU.Build.0 = Release|Any CPU
		{D2F3BF01-C7D9-4077-9855-505E2E4E39E2}.Debug|Any CPU.ActiveCfg = Debug|Any CPU
		{D2F3BF01-C7D9-4077-9855-505E2E4E39E2}.Debug|Any CPU.Build.0 = Debug|Any CPU
		{D2F3BF01-C7D9-4077-9855-505E2E4E39E2}.Release|Any CPU.ActiveCfg = Release|Any CPU
		{D2F3BF01-C7D9-4077-9855-505E2E4E39E2}.Release|Any CPU.Build.0 = Release|Any CPU
		{4E7D45FA-FDF5-4DFB-9602-EA4D9731DF86}.Debug|Any CPU.ActiveCfg = Debug|Any CPU
		{4E7D45FA-FDF5-4DFB-9602-EA4D9731DF86}.Debug|Any CPU.Build.0 = Debug|Any CPU
		{4E7D45FA-FDF5-4DFB-9602-EA4D9731DF86}.Release|Any CPU.ActiveCfg = Release|Any CPU
		{4E7D45FA-FDF5-4DFB-9602-EA4D9731DF86}.Release|Any CPU.Build.0 = Release|Any CPU
		{DEDF0511-7196-495B-BB9A-7505E428F22B}.Debug|Any CPU.ActiveCfg = Debug|Any CPU
		{DEDF0511-7196-495B-BB9A-7505E428F22B}.Debug|Any CPU.Build.0 = Debug|Any CPU
		{DEDF0511-7196-495B-BB9A-7505E428F22B}.Release|Any CPU.ActiveCfg = Release|Any CPU
		{DEDF0511-7196-495B-BB9A-7505E428F22B}.Release|Any CPU.Build.0 = Release|Any CPU
		{CF7A6C52-C7FE-497C-9EC2-0906337FBA77}.Debug|Any CPU.ActiveCfg = Debug|Any CPU
		{CF7A6C52-C7FE-497C-9EC2-0906337FBA77}.Debug|Any CPU.Build.0 = Debug|Any CPU
		{CF7A6C52-C7FE-497C-9EC2-0906337FBA77}.Release|Any CPU.ActiveCfg = Release|Any CPU
		{CF7A6C52-C7FE-497C-9EC2-0906337FBA77}.Release|Any CPU.Build.0 = Release|Any CPU
		{243A8CB7-0442-4735-AA7F-C35CB4811B6E}.Debug|Any CPU.ActiveCfg = Debug|Any CPU
		{243A8CB7-0442-4735-AA7F-C35CB4811B6E}.Debug|Any CPU.Build.0 = Debug|Any CPU
		{243A8CB7-0442-4735-AA7F-C35CB4811B6E}.Release|Any CPU.ActiveCfg = Release|Any CPU
		{243A8CB7-0442-4735-AA7F-C35CB4811B6E}.Release|Any CPU.Build.0 = Release|Any CPU
		{89ECA22F-4BE7-4987-9A51-C4544C0D27F9}.Debug|Any CPU.ActiveCfg = Debug|Any CPU
		{89ECA22F-4BE7-4987-9A51-C4544C0D27F9}.Debug|Any CPU.Build.0 = Debug|Any CPU
		{89ECA22F-4BE7-4987-9A51-C4544C0D27F9}.Release|Any CPU.ActiveCfg = Release|Any CPU
		{89ECA22F-4BE7-4987-9A51-C4544C0D27F9}.Release|Any CPU.Build.0 = Release|Any CPU
		{75F1CCFA-F6FA-42FA-8FCE-79A1BD13FDFB}.Debug|Any CPU.ActiveCfg = Debug|Any CPU
		{75F1CCFA-F6FA-42FA-8FCE-79A1BD13FDFB}.Debug|Any CPU.Build.0 = Debug|Any CPU
		{75F1CCFA-F6FA-42FA-8FCE-79A1BD13FDFB}.Release|Any CPU.ActiveCfg = Release|Any CPU
		{75F1CCFA-F6FA-42FA-8FCE-79A1BD13FDFB}.Release|Any CPU.Build.0 = Release|Any CPU
	EndGlobalSection
	GlobalSection(SolutionProperties) = preSolution
		HideSolutionNode = FALSE
	EndGlobalSection
	GlobalSection(ExtensibilityGlobals) = postSolution
		SolutionGuid = {BCDFCD33-3782-484B-8153-4DCF6F20A4EF}
	EndGlobalSection
EndGlobal
